
Microsoft Visual Studio Solution File, Format Version 12.00
# Visual Studio 15
VisualStudioVersion = 15.0.28307.168
MinimumVisualStudioVersion = 10.0.40219.1
Project("{FAE04EC0-301F-11D3-BF4B-00C04F79EFBC}") = "Sachas_website", "Sachas_website\Sachas_website.csproj", "{370898BE-1800-421D-965C-FF4010A65701}"
EndProject
Project("{FAE04EC0-301F-11D3-BF4B-00C04F79EFBC}") = "Sachas_website.Tests", "Sachas_website.Tests\Sachas_website.Tests.csproj", "{C42A57DB-71BF-4A83-8567-120DB76C02D3}"
EndProject
Project("{2150E333-8FDC-42A3-9474-1A3956D46DE8}") = "Library", "Library", "{1788D465-66AE-4494-AC50-711651E139A8}"
EndProject
Project("{FAE04EC0-301F-11D3-BF4B-00C04F79EFBC}") = "DA", "DA\DA.csproj", "{4EF80898-EDBC-45C6-B9EE-F0683A9B46D1}"
EndProject
Project("{FAE04EC0-301F-11D3-BF4B-00C04F79EFBC}") = "IDA", "IDA\IDA.csproj", "{21E5E9DB-BD6B-44D0-BDED-A1097B3C16C5}"
EndProject
Project("{FAE04EC0-301F-11D3-BF4B-00C04F79EFBC}") = "DAFactory", "DAFactory\DAFactory.csproj", "{020C6939-BBC1-4A52-A5A4-06A1DED6C7EB}"
EndProject
Project("{FAE04EC0-301F-11D3-BF4B-00C04F79EFBC}") = "Factory", "clsFactory\Factory.csproj", "{92DA5C45-7C42-46D3-AD8C-409DFD3C00C4}"
EndProject
Project("{FAE04EC0-301F-11D3-BF4B-00C04F79EFBC}") = "IExceptionLibrary", "IExceptionLibrary\IExceptionLibrary.csproj", "{9CFACB42-D3AE-4625-A29D-6CA2A98550D1}"
EndProject
Project("{FAE04EC0-301F-11D3-BF4B-00C04F79EFBC}") = "ExceptionLibrary", "ExceptionLibrary\ExceptionLibrary.csproj", "{6AE5B546-3C4D-416A-843D-48F15A2C7CF3}"
EndProject
Project("{FAE04EC0-301F-11D3-BF4B-00C04F79EFBC}") = "BO", "BO\BO.csproj", "{E52E7F42-6E71-422C-8E05-1C818AD9A891}"
EndProject
Global
	GlobalSection(SolutionConfigurationPlatforms) = preSolution
		Debug|Any CPU = Debug|Any CPU
		Release|Any CPU = Release|Any CPU
	EndGlobalSection
	GlobalSection(ProjectConfigurationPlatforms) = postSolution
		{370898BE-1800-421D-965C-FF4010A65701}.Debug|Any CPU.ActiveCfg = Debug|Any CPU
		{370898BE-1800-421D-965C-FF4010A65701}.Debug|Any CPU.Build.0 = Debug|Any CPU
		{370898BE-1800-421D-965C-FF4010A65701}.Release|Any CPU.ActiveCfg = Release|Any CPU
		{370898BE-1800-421D-965C-FF4010A65701}.Release|Any CPU.Build.0 = Release|Any CPU
		{C42A57DB-71BF-4A83-8567-120DB76C02D3}.Debug|Any CPU.ActiveCfg = Debug|Any CPU
		{C42A57DB-71BF-4A83-8567-120DB76C02D3}.Debug|Any CPU.Build.0 = Debug|Any CPU
		{C42A57DB-71BF-4A83-8567-120DB76C02D3}.Release|Any CPU.ActiveCfg = Release|Any CPU
		{C42A57DB-71BF-4A83-8567-120DB76C02D3}.Release|Any CPU.Build.0 = Release|Any CPU
		{4EF80898-EDBC-45C6-B9EE-F0683A9B46D1}.Debug|Any CPU.ActiveCfg = Debug|Any CPU
		{4EF80898-EDBC-45C6-B9EE-F0683A9B46D1}.Debug|Any CPU.Build.0 = Debug|Any CPU
		{4EF80898-EDBC-45C6-B9EE-F0683A9B46D1}.Release|Any CPU.ActiveCfg = Release|Any CPU
		{4EF80898-EDBC-45C6-B9EE-F0683A9B46D1}.Release|Any CPU.Build.0 = Release|Any CPU
		{21E5E9DB-BD6B-44D0-BDED-A1097B3C16C5}.Debug|Any CPU.ActiveCfg = Debug|Any CPU
		{21E5E9DB-BD6B-44D0-BDED-A1097B3C16C5}.Debug|Any CPU.Build.0 = Debug|Any CPU
		{21E5E9DB-BD6B-44D0-BDED-A1097B3C16C5}.Release|Any CPU.ActiveCfg = Release|Any CPU
		{21E5E9DB-BD6B-44D0-BDED-A1097B3C16C5}.Release|Any CPU.Build.0 = Release|Any CPU
		{020C6939-BBC1-4A52-A5A4-06A1DED6C7EB}.Debug|Any CPU.ActiveCfg = Debug|Any CPU
		{020C6939-BBC1-4A52-A5A4-06A1DED6C7EB}.Debug|Any CPU.Build.0 = Debug|Any CPU
		{020C6939-BBC1-4A52-A5A4-06A1DED6C7EB}.Release|Any CPU.ActiveCfg = Release|Any CPU
		{020C6939-BBC1-4A52-A5A4-06A1DED6C7EB}.Release|Any CPU.Build.0 = Release|Any CPU
		{92DA5C45-7C42-46D3-AD8C-409DFD3C00C4}.Debug|Any CPU.ActiveCfg = Debug|Any CPU
		{92DA5C45-7C42-46D3-AD8C-409DFD3C00C4}.Debug|Any CPU.Build.0 = Debug|Any CPU
		{92DA5C45-7C42-46D3-AD8C-409DFD3C00C4}.Release|Any CPU.ActiveCfg = Release|Any CPU
		{92DA5C45-7C42-46D3-AD8C-409DFD3C00C4}.Release|Any CPU.Build.0 = Release|Any CPU
		{9CFACB42-D3AE-4625-A29D-6CA2A98550D1}.Debug|Any CPU.ActiveCfg = Debug|Any CPU
		{9CFACB42-D3AE-4625-A29D-6CA2A98550D1}.Debug|Any CPU.Build.0 = Debug|Any CPU
		{9CFACB42-D3AE-4625-A29D-6CA2A98550D1}.Release|Any CPU.ActiveCfg = Release|Any CPU
		{9CFACB42-D3AE-4625-A29D-6CA2A98550D1}.Release|Any CPU.Build.0 = Release|Any CPU
		{6AE5B546-3C4D-416A-843D-48F15A2C7CF3}.Debug|Any CPU.ActiveCfg = Debug|Any CPU
		{6AE5B546-3C4D-416A-843D-48F15A2C7CF3}.Debug|Any CPU.Build.0 = Debug|Any CPU
		{6AE5B546-3C4D-416A-843D-48F15A2C7CF3}.Release|Any CPU.ActiveCfg = Release|Any CPU
		{6AE5B546-3C4D-416A-843D-48F15A2C7CF3}.Release|Any CPU.Build.0 = Release|Any CPU
		{E52E7F42-6E71-422C-8E05-1C818AD9A891}.Debug|Any CPU.ActiveCfg = Debug|Any CPU
		{E52E7F42-6E71-422C-8E05-1C818AD9A891}.Debug|Any CPU.Build.0 = Debug|Any CPU
		{E52E7F42-6E71-422C-8E05-1C818AD9A891}.Release|Any CPU.ActiveCfg = Release|Any CPU
		{E52E7F42-6E71-422C-8E05-1C818AD9A891}.Release|Any CPU.Build.0 = Release|Any CPU
	EndGlobalSection
	GlobalSection(SolutionProperties) = preSolution
		HideSolutionNode = FALSE
	EndGlobalSection
	GlobalSection(NestedProjects) = preSolution
		{4EF80898-EDBC-45C6-B9EE-F0683A9B46D1} = {1788D465-66AE-4494-AC50-711651E139A8}
		{21E5E9DB-BD6B-44D0-BDED-A1097B3C16C5} = {1788D465-66AE-4494-AC50-711651E139A8}
		{020C6939-BBC1-4A52-A5A4-06A1DED6C7EB} = {1788D465-66AE-4494-AC50-711651E139A8}
		{92DA5C45-7C42-46D3-AD8C-409DFD3C00C4} = {1788D465-66AE-4494-AC50-711651E139A8}
		{9CFACB42-D3AE-4625-A29D-6CA2A98550D1} = {1788D465-66AE-4494-AC50-711651E139A8}
		{6AE5B546-3C4D-416A-843D-48F15A2C7CF3} = {1788D465-66AE-4494-AC50-711651E139A8}
		{E52E7F42-6E71-422C-8E05-1C818AD9A891} = {1788D465-66AE-4494-AC50-711651E139A8}
	EndGlobalSection
	GlobalSection(ExtensibilityGlobals) = postSolution
		SolutionGuid = {5236F5C3-8C2B-48DC-9269-26A4C9AD1201}
	EndGlobalSection
EndGlobal
